<?xml version="1.0" encoding="utf-8"?>
<Project ToolsVersion="4.0" xmlns="http://schemas.microsoft.com/developer/msbuild/2003">
  <ItemGroup>
    <Filter Include="Quelldateien">
      <UniqueIdentifier>{4FC737F1-C7A5-4376-A066-2A32D752A2FF}</UniqueIdentifier>
      <Extensions>cpp;c;cc;cxx;c++;cppm;ixx;def;odl;idl;hpj;bat;asm;asmx</Extensions>
    </Filter>
    <Filter Include="Headerdateien">
      <UniqueIdentifier>{93995380-89BD-4b04-88EB-625FBE52EBFB}</UniqueIdentifier>
      <Extensions>h;hh;hpp;hxx;h++;hm;inl;inc;ipp;xsd</Extensions>
    </Filter>
    <Filter Include="Ressourcendateien">
      <UniqueIdentifier>{67DA6AB6-F800-4c08-8B7A-83BB121AAD01}</UniqueIdentifier>
      <Extensions>rc;ico;cur;bmp;dlg;rc2;rct;bin;rgs;gif;jpg;jpeg;jpe;resx;tiff;tif;png;wav;mfcribbon-ms</Extensions>
    </Filter>
  </ItemGroup>
  <ItemGroup>
    <ClCompile Include="src\glad.c">
      <Filter>Quelldateien</Filter>
    </ClCompile>
    <ClCompile Include="src\main.cpp">
      <Filter>Quelldateien</Filter>
    </ClCompile>
    <ClCompile Include="src\Shader.cpp">
      <Filter>Quelldateien</Filter>
    </ClCompile>
    <ClCompile Include="src\Program.cpp">
      <Filter>Quelldateien</Filter>
    </ClCompile>
    <ClCompile Include="src\Camera.cpp">
      <Filter>Quelldateien</Filter>
    </ClCompile>
    <ClCompile Include="src\Mesh.cpp">
      <Filter>Quelldateien</Filter>
    </ClCompile>
    <ClCompile Include="src\Material.cpp">
      <Filter>Quelldateien</Filter>
    </ClCompile>
    <ClCompile Include="src\Model.cpp">
      <Filter>Quelldateien</Filter>
    </ClCompile>
    <ClCompile Include="src\noise\Worley-Noise\Worley Noise\Noise.cpp">
      <Filter>Quelldateien</Filter>
    </ClCompile>
    <ClCompile Include="src\noise\Worley-Noise\Worley Noise\Worley.cpp">
      <Filter>Quelldateien</Filter>
    </ClCompile>
    <ClCompile Include="src\noise\Worley-Noise\Worley Noise\Worley3D.cpp">
      <Filter>Quelldateien</Filter>
    </ClCompile>
    <ClCompile Include="src\noise\Perlin.cpp">
      <Filter>Quelldateien</Filter>
    </ClCompile>
    <ClCompile Include="src\noise\Perlin3D.cpp">
      <Filter>Quelldateien</Filter>
    </ClCompile>
    <ClCompile Include="imgui\backends\imgui_impl_opengl3.cpp">
      <Filter>Quelldateien</Filter>
    </ClCompile>
    <ClCompile Include="imgui\backends\imgui_impl_win32.cpp">
      <Filter>Quelldateien</Filter>
    </ClCompile>
    <ClCompile Include="imgui\misc\cpp\imgui_stdlib.cpp">
      <Filter>Quelldateien</Filter>
    </ClCompile>
    <ClCompile Include="imgui\imgui.cpp">
      <Filter>Quelldateien</Filter>
    </ClCompile>
    <ClCompile Include="imgui\imgui_demo.cpp">
      <Filter>Quelldateien</Filter>
    </ClCompile>
    <ClCompile Include="imgui\imgui_draw.cpp">
      <Filter>Quelldateien</Filter>
    </ClCompile>
    <ClCompile Include="imgui\imgui_tables.cpp">
      <Filter>Quelldateien</Filter>
    </ClCompile>
    <ClCompile Include="imgui\imgui_widgets.cpp">
      <Filter>Quelldateien</Filter>
    </ClCompile>
    <ClCompile Include="imgui\backends\imgui_impl_glfw.cpp">
      <Filter>Quelldateien</Filter>
    </ClCompile>
    <ClCompile Include="src\Texture.cpp">
      <Filter>Quelldateien</Filter>
    </ClCompile>
  </ItemGroup>
  <ItemGroup>
    <ClInclude Include="src\Shader.h">
      <Filter>Headerdateien</Filter>
    </ClInclude>
    <ClInclude Include="src\Program.h">
      <Filter>Headerdateien</Filter>
    </ClInclude>
    <ClInclude Include="src\Camera.h">
      <Filter>Headerdateien</Filter>
    </ClInclude>
    <ClInclude Include="src\Mesh.h">
      <Filter>Headerdateien</Filter>
    </ClInclude>
    <ClInclude Include="src\Material.h">
      <Filter>Headerdateien</Filter>
    </ClInclude>
    <ClInclude Include="src\Model.h">
      <Filter>Headerdateien</Filter>
    </ClInclude>
    <ClInclude Include="resource.h">
      <Filter>Headerdateien</Filter>
    </ClInclude>
    <ClInclude Include="src\sampling\fdps.h">
      <Filter>Headerdateien</Filter>
    </ClInclude>
    <ClInclude Include="src\noise\Worley-Noise\Worley Noise\math_helper.h">
      <Filter>Headerdateien</Filter>
    </ClInclude>
    <ClInclude Include="src\noise\Worley-Noise\Worley Noise\Noise.h">
      <Filter>Headerdateien</Filter>
    </ClInclude>
    <ClInclude Include="src\noise\Worley-Noise\Worley Noise\stb_image.h">
      <Filter>Headerdateien</Filter>
    </ClInclude>
    <ClInclude Include="src\noise\Worley-Noise\Worley Noise\Worley.h">
      <Filter>Headerdateien</Filter>
    </ClInclude>
    <ClInclude Include="src\noise\Worley-Noise\Worley Noise\Worley3D.h">
      <Filter>Headerdateien</Filter>
    </ClInclude>
    <ClInclude Include="src\noise\Worley-Noise\Worley Noise\WorleyFBM.h">
      <Filter>Headerdateien</Filter>
    </ClInclude>
    <ClInclude Include="src\noise\Perlin.h">
      <Filter>Headerdateien</Filter>
    </ClInclude>
    <ClInclude Include="src\noise\Perlin3D.h">
      <Filter>Headerdateien</Filter>
    </ClInclude>
    <ClInclude Include="src\noise\PerlinFBM.h">
      <Filter>Headerdateien</Filter>
    </ClInclude>
    <ClInclude Include="src\noise\Worley-Noise\Worley Noise\Worley3DFBM.h">
      <Filter>Headerdateien</Filter>
    </ClInclude>
    <ClInclude Include="src\noise\Perlin3DFBM.h">
      <Filter>Headerdateien</Filter>
    </ClInclude>
    <ClInclude Include="src\noise\PerlinWorley3D.h">
      <Filter>Headerdateien</Filter>
    </ClInclude>
    <ClInclude Include="imgui\backends\imgui_impl_glfw.h">
      <Filter>Headerdateien</Filter>
    </ClInclude>
    <ClInclude Include="imgui\backends\imgui_impl_opengl3.h">
      <Filter>Headerdateien</Filter>
    </ClInclude>
    <ClInclude Include="imgui\backends\imgui_impl_opengl3_loader.h">
      <Filter>Headerdateien</Filter>
    </ClInclude>
    <ClInclude Include="imgui\backends\imgui_impl_win32.h">
      <Filter>Headerdateien</Filter>
    </ClInclude>
    <ClInclude Include="imgui\misc\cpp\imgui_stdlib.h">
      <Filter>Headerdateien</Filter>
    </ClInclude>
    <ClInclude Include="imgui\imconfig.h">
      <Filter>Headerdateien</Filter>
    </ClInclude>
    <ClInclude Include="imgui\imgui.h">
      <Filter>Headerdateien</Filter>
    </ClInclude>
    <ClInclude Include="imgui\imgui_internal.h">
      <Filter>Headerdateien</Filter>
    </ClInclude>
    <ClInclude Include="imgui\imstb_rectpack.h">
      <Filter>Headerdateien</Filter>
    </ClInclude>
    <ClInclude Include="imgui\imstb_textedit.h">
      <Filter>Headerdateien</Filter>
    </ClInclude>
    <ClInclude Include="imgui\imstb_truetype.h">
      <Filter>Headerdateien</Filter>
    </ClInclude>
    <ClInclude Include="src\Texture.h">
      <Filter>Headerdateien</Filter>
    </ClInclude>
  </ItemGroup>
  <ItemGroup>
    <None Include="shaders\Old\base.vs" />
    <None Include="shaders\Old\uniform_color.fs" />
    <None Include="shaders\Old\mvp.vs" />
    <None Include="shaders\phong.fs" />
    <None Include="shaders\phong.vs" />
    <None Include="shaders\depth.vs" />
    <None Include="shaders\depth.fs" />
    <None Include="shaders\phong_soft_shadows.fs" />
    <None Include="shaders\volume.fs" />
    <None Include="shaders\volume.vs" />
    <None Include="src\noise\Worley-Noise\.gitattributes" />
    <None Include="src\noise\Worley-Noise\.gitignore" />
    <None Include="src\noise\Worley-Noise\README.md" />
    <None Include="shaders\post.vs" />
    <None Include="shaders\post.fs" />
  </ItemGroup>
  <ItemGroup>
    <Text Include="shaders\Old\depth_color.fs" />
    <Text Include="shaders\Old\texture.fs" />
    <Text Include="shaders\Old\texture.vs" />
  </ItemGroup>
  <ItemGroup>
    <Image Include="textures\logo.png">
      <Filter>Ressourcendateien</Filter>
    </Image>
    <Image Include="textures\container_diffuse.png">
      <Filter>Ressourcendateien</Filter>
    </Image>
    <Image Include="textures\container_specular.png">
      <Filter>Ressourcendateien</Filter>
    </Image>
  </ItemGroup>
  <ItemGroup>
    <ResourceCompile Include="OpenGL-Experiments.rc">
      <Filter>Ressourcendateien</Filter>
    </ResourceCompile>
  </ItemGroup>
</Project>